// !$*UTF8*$!
{
	archiveVersion = 1;
	classes = {
	};
	objectVersion = 46;
	objects = {

/* Begin PBXBuildFile section */
		F14FEF121DBD7C2C0044A218 /* Color.swift in Sources */ = {isa = PBXBuildFile; fileRef = F14FEF111DBD7C2C0044A218 /* Color.swift */; };
		F14FEF141DBD7DFA0044A218 /* Ship.swift in Sources */ = {isa = PBXBuildFile; fileRef = F14FEF131DBD7DFA0044A218 /* Ship.swift */; };
		F14FEF161DBD7E070044A218 /* Hole.swift in Sources */ = {isa = PBXBuildFile; fileRef = F14FEF151DBD7E070044A218 /* Hole.swift */; };
		F14FEF181DBD7E5C0044A218 /* Batlleships.swift in Sources */ = {isa = PBXBuildFile; fileRef = F14FEF171DBD7E5C0044A218 /* Batlleships.swift */; };
		F14FEF1C1DBD861A0044A218 /* Position.swift in Sources */ = {isa = PBXBuildFile; fileRef = F14FEF1B1DBD861A0044A218 /* Position.swift */; };
		F151774D1DB4027C008D27D6 /* CoreGraphics.framework in Frameworks */ = {isa = PBXBuildFile; fileRef = F151774C1DB4027C008D27D6 /* CoreGraphics.framework */; };
		F151774F1DB43058008D27D6 /* OptionsView.xib in Resources */ = {isa = PBXBuildFile; fileRef = F151774E1DB43058008D27D6 /* OptionsView.xib */; };
		F15177511DB4306A008D27D6 /* OptionsView.swift in Sources */ = {isa = PBXBuildFile; fileRef = F15177501DB4306A008D27D6 /* OptionsView.swift */; };
		F15177551DB44DEC008D27D6 /* ShipLayer.swift in Sources */ = {isa = PBXBuildFile; fileRef = F15177541DB44DEC008D27D6 /* ShipLayer.swift */; };
		F151775A1DB44EFC008D27D6 /* UIView.swift in Sources */ = {isa = PBXBuildFile; fileRef = F15177591DB44EFC008D27D6 /* UIView.swift */; };
		F151775C1DB44F22008D27D6 /* Metrics.swift in Sources */ = {isa = PBXBuildFile; fileRef = F151775B1DB44F22008D27D6 /* Metrics.swift */; };
		F151775E1DB4624E008D27D6 /* PulseAnimation.swift in Sources */ = {isa = PBXBuildFile; fileRef = F151775D1DB4624E008D27D6 /* PulseAnimation.swift */; };
		F15177601DB46C60008D27D6 /* SetupView.xib in Resources */ = {isa = PBXBuildFile; fileRef = F151775F1DB46C60008D27D6 /* SetupView.xib */; };
		F15177621DB46C6E008D27D6 /* SetupView.swift in Sources */ = {isa = PBXBuildFile; fileRef = F15177611DB46C6E008D27D6 /* SetupView.swift */; };
		F15177641DB46F96008D27D6 /* ActionView.swift in Sources */ = {isa = PBXBuildFile; fileRef = F15177631DB46F96008D27D6 /* ActionView.swift */; };
		F15231E81DB3042400D62399 /* AppDelegate.swift in Sources */ = {isa = PBXBuildFile; fileRef = F15231E71DB3042400D62399 /* AppDelegate.swift */; };
		F15231EA1DB3042400D62399 /* GameController.swift in Sources */ = {isa = PBXBuildFile; fileRef = F15231E91DB3042400D62399 /* GameController.swift */; };
		F15231ED1DB3042400D62399 /* Main.storyboard in Resources */ = {isa = PBXBuildFile; fileRef = F15231EB1DB3042400D62399 /* Main.storyboard */; };
		F15231EF1DB3042400D62399 /* Assets.xcassets in Resources */ = {isa = PBXBuildFile; fileRef = F15231EE1DB3042400D62399 /* Assets.xcassets */; };
		F15231F21DB3042400D62399 /* LaunchScreen.storyboard in Resources */ = {isa = PBXBuildFile; fileRef = F15231F01DB3042400D62399 /* LaunchScreen.storyboard */; };
		F15231FB1DB3065600D62399 /* GridView.swift in Sources */ = {isa = PBXBuildFile; fileRef = F15231FA1DB3065600D62399 /* GridView.swift */; };
/* End PBXBuildFile section */

/* Begin PBXFileReference section */
		F14FEF111DBD7C2C0044A218 /* Color.swift */ = {isa = PBXFileReference; fileEncoding = 4; lastKnownFileType = sourcecode.swift; path = Color.swift; sourceTree = "<group>"; };
		F14FEF131DBD7DFA0044A218 /* Ship.swift */ = {isa = PBXFileReference; fileEncoding = 4; lastKnownFileType = sourcecode.swift; path = Ship.swift; sourceTree = "<group>"; };
		F14FEF151DBD7E070044A218 /* Hole.swift */ = {isa = PBXFileReference; fileEncoding = 4; lastKnownFileType = sourcecode.swift; path = Hole.swift; sourceTree = "<group>"; };
		F14FEF171DBD7E5C0044A218 /* Batlleships.swift */ = {isa = PBXFileReference; fileEncoding = 4; lastKnownFileType = sourcecode.swift; path = Batlleships.swift; sourceTree = "<group>"; };
		F14FEF1B1DBD861A0044A218 /* Position.swift */ = {isa = PBXFileReference; fileEncoding = 4; lastKnownFileType = sourcecode.swift; path = Position.swift; sourceTree = "<group>"; };
		F151774C1DB4027C008D27D6 /* CoreGraphics.framework */ = {isa = PBXFileReference; lastKnownFileType = wrapper.framework; name = CoreGraphics.framework; path = System/Library/Frameworks/CoreGraphics.framework; sourceTree = SDKROOT; };
		F151774E1DB43058008D27D6 /* OptionsView.xib */ = {isa = PBXFileReference; fileEncoding = 4; lastKnownFileType = file.xib; path = OptionsView.xib; sourceTree = "<group>"; };
		F15177501DB4306A008D27D6 /* OptionsView.swift */ = {isa = PBXFileReference; fileEncoding = 4; lastKnownFileType = sourcecode.swift; path = OptionsView.swift; sourceTree = "<group>"; };
		F15177541DB44DEC008D27D6 /* ShipLayer.swift */ = {isa = PBXFileReference; fileEncoding = 4; lastKnownFileType = sourcecode.swift; path = ShipLayer.swift; sourceTree = "<group>"; };
		F15177591DB44EFC008D27D6 /* UIView.swift */ = {isa = PBXFileReference; fileEncoding = 4; lastKnownFileType = sourcecode.swift; path = UIView.swift; sourceTree = "<group>"; };
		F151775B1DB44F22008D27D6 /* Metrics.swift */ = {isa = PBXFileReference; fileEncoding = 4; lastKnownFileType = sourcecode.swift; path = Metrics.swift; sourceTree = "<group>"; };
		F151775D1DB4624E008D27D6 /* PulseAnimation.swift */ = {isa = PBXFileReference; fileEncoding = 4; lastKnownFileType = sourcecode.swift; path = PulseAnimation.swift; sourceTree = "<group>"; };
		F151775F1DB46C60008D27D6 /* SetupView.xib */ = {isa = PBXFileReference; fileEncoding = 4; lastKnownFileType = file.xib; path = SetupView.xib; sourceTree = "<group>"; };
		F15177611DB46C6E008D27D6 /* SetupView.swift */ = {isa = PBXFileReference; fileEncoding = 4; lastKnownFileType = sourcecode.swift; path = SetupView.swift; sourceTree = "<group>"; };
		F15177631DB46F96008D27D6 /* ActionView.swift */ = {isa = PBXFileReference; fileEncoding = 4; lastKnownFileType = sourcecode.swift; path = ActionView.swift; sourceTree = "<group>"; };
		F15231E41DB3042400D62399 /* Battleship.app */ = {isa = PBXFileReference; explicitFileType = wrapper.application; includeInIndex = 0; path = Battleship.app; sourceTree = BUILT_PRODUCTS_DIR; };
		F15231E71DB3042400D62399 /* AppDelegate.swift */ = {isa = PBXFileReference; lastKnownFileType = sourcecode.swift; path = AppDelegate.swift; sourceTree = "<group>"; };
		F15231E91DB3042400D62399 /* GameController.swift */ = {isa = PBXFileReference; lastKnownFileType = sourcecode.swift; path = GameController.swift; sourceTree = "<group>"; };
		F15231EC1DB3042400D62399 /* Base */ = {isa = PBXFileReference; lastKnownFileType = file.storyboard; name = Base; path = Base.lproj/Main.storyboard; sourceTree = "<group>"; };
		F15231EE1DB3042400D62399 /* Assets.xcassets */ = {isa = PBXFileReference; lastKnownFileType = folder.assetcatalog; path = Assets.xcassets; sourceTree = "<group>"; };
		F15231F11DB3042400D62399 /* Base */ = {isa = PBXFileReference; lastKnownFileType = file.storyboard; name = Base; path = Base.lproj/LaunchScreen.storyboard; sourceTree = "<group>"; };
		F15231F31DB3042400D62399 /* Info.plist */ = {isa = PBXFileReference; lastKnownFileType = text.plist.xml; path = Info.plist; sourceTree = "<group>"; };
		F15231FA1DB3065600D62399 /* GridView.swift */ = {isa = PBXFileReference; fileEncoding = 4; lastKnownFileType = sourcecode.swift; path = GridView.swift; sourceTree = "<group>"; };
		F1815B1A1DBD10AB005A59E0 /* SocketIO.framework */ = {isa = PBXFileReference; lastKnownFileType = wrapper.framework; name = SocketIO.framework; path = Battleship/Carthage/Build/iOS/SocketIO.framework; sourceTree = "<group>"; };
/* End PBXFileReference section */

/* Begin PBXFrameworksBuildPhase section */
		F15231E11DB3042400D62399 /* Frameworks */ = {
			isa = PBXFrameworksBuildPhase;
			buildActionMask = 2147483647;
			files = (
				F151774D1DB4027C008D27D6 /* CoreGraphics.framework in Frameworks */,
			);
			runOnlyForDeploymentPostprocessing = 0;
		};
/* End PBXFrameworksBuildPhase section */

/* Begin PBXGroup section */
		F14FEF091DBD795F0044A218 /* Models */ = {
			isa = PBXGroup;
			children = (
				F14FEF151DBD7E070044A218 /* Hole.swift */,
				F14FEF131DBD7DFA0044A218 /* Ship.swift */,
				F14FEF1B1DBD861A0044A218 /* Position.swift */,
				F14FEF171DBD7E5C0044A218 /* Batlleships.swift */,
			);
			path = Models;
			sourceTree = "<group>";
		};
		F14FEF0E1DBD7B120044A218 /* Common */ = {
			isa = PBXGroup;
			children = (
				F14FEF111DBD7C2C0044A218 /* Color.swift */,
			);
			path = Common;
			sourceTree = "<group>";
		};
		F151774B1DB4027B008D27D6 /* Frameworks */ = {
			isa = PBXGroup;
			children = (
				F1815B1A1DBD10AB005A59E0 /* SocketIO.framework */,
				F151774C1DB4027C008D27D6 /* CoreGraphics.framework */,
			);
			name = Frameworks;
			sourceTree = "<group>";
		};
		F15177581DB44EEF008D27D6 /* Helpers */ = {
			isa = PBXGroup;
			children = (
				F15177591DB44EFC008D27D6 /* UIView.swift */,
				F151775B1DB44F22008D27D6 /* Metrics.swift */,
			);
			name = Helpers;
			sourceTree = "<group>";
		};
		F15231DB1DB3042400D62399 = {
			isa = PBXGroup;
			children = (
				F15231E61DB3042400D62399 /* Battleship */,
				F15231E51DB3042400D62399 /* Products */,
				F151774B1DB4027B008D27D6 /* Frameworks */,
			);
			sourceTree = "<group>";
		};
		F15231E51DB3042400D62399 /* Products */ = {
			isa = PBXGroup;
			children = (
				F15231E41DB3042400D62399 /* Battleship.app */,
			);
			name = Products;
			sourceTree = "<group>";
		};
		F15231E61DB3042400D62399 /* Battleship */ = {
			isa = PBXGroup;
			children = (
				F14FEF0E1DBD7B120044A218 /* Common */,
				F14FEF091DBD795F0044A218 /* Models */,
				F15177581DB44EEF008D27D6 /* Helpers */,
				F15231F91DB3046900D62399 /* Views */,
				F15231E71DB3042400D62399 /* AppDelegate.swift */,
				F15231E91DB3042400D62399 /* GameController.swift */,
				F15231EB1DB3042400D62399 /* Main.storyboard */,
				F15231EE1DB3042400D62399 /* Assets.xcassets */,
				F15231F01DB3042400D62399 /* LaunchScreen.storyboard */,
				F15231F31DB3042400D62399 /* Info.plist */,
			);
			path = Battleship;
			sourceTree = "<group>";
		};
		F15231F91DB3046900D62399 /* Views */ = {
			isa = PBXGroup;
			children = (
				F15231FA1DB3065600D62399 /* GridView.swift */,
				F15177631DB46F96008D27D6 /* ActionView.swift */,
				F151774E1DB43058008D27D6 /* OptionsView.xib */,
				F15177501DB4306A008D27D6 /* OptionsView.swift */,
				F151775F1DB46C60008D27D6 /* SetupView.xib */,
				F15177611DB46C6E008D27D6 /* SetupView.swift */,
				F15177541DB44DEC008D27D6 /* ShipLayer.swift */,
				F151775D1DB4624E008D27D6 /* PulseAnimation.swift */,
			);
			path = Views;
			sourceTree = "<group>";
		};
/* End PBXGroup section */

/* Begin PBXNativeTarget section */
		F15231E31DB3042400D62399 /* Battleship */ = {
			isa = PBXNativeTarget;
			buildConfigurationList = F15231F61DB3042400D62399 /* Build configuration list for PBXNativeTarget "Battleship" */;
			buildPhases = (
				F15231E01DB3042400D62399 /* Sources */,
				F15231E11DB3042400D62399 /* Frameworks */,
				F15231E21DB3042400D62399 /* Resources */,
			);
			buildRules = (
			);
			dependencies = (
			);
			name = Battleship;
			productName = Battleship;
			productReference = F15231E41DB3042400D62399 /* Battleship.app */;
			productType = "com.apple.product-type.application";
		};
/* End PBXNativeTarget section */

/* Begin PBXProject section */
		F15231DC1DB3042400D62399 /* Project object */ = {
			isa = PBXProject;
			attributes = {
				LastSwiftUpdateCheck = 0800;
				LastUpgradeCheck = 0800;
				ORGANIZATIONNAME = "Karim Kawambwa";
				TargetAttributes = {
					F15231E31DB3042400D62399 = {
						CreatedOnToolsVersion = 8.0;
						DevelopmentTeam = QGWAHBQ3X3;
						ProvisioningStyle = Automatic;
					};
				};
			};
			buildConfigurationList = F15231DF1DB3042400D62399 /* Build configuration list for PBXProject "Battleship" */;
			compatibilityVersion = "Xcode 3.2";
			developmentRegion = English;
			hasScannedForEncodings = 0;
			knownRegions = (
				en,
				Base,
			);
			mainGroup = F15231DB1DB3042400D62399;
			productRefGroup = F15231E51DB3042400D62399 /* Products */;
			projectDirPath = "";
			projectRoot = "";
			targets = (
				F15231E31DB3042400D62399 /* Battleship */,
			);
		};
/* End PBXProject section */

/* Begin PBXResourcesBuildPhase section */
		F15231E21DB3042400D62399 /* Resources */ = {
			isa = PBXResourcesBuildPhase;
			buildActionMask = 2147483647;
			files = (
				F15177601DB46C60008D27D6 /* SetupView.xib in Resources */,
				F15231F21DB3042400D62399 /* LaunchScreen.storyboard in Resources */,
				F15231EF1DB3042400D62399 /* Assets.xcassets in Resources */,
				F15231ED1DB3042400D62399 /* Main.storyboard in Resources */,
				F151774F1DB43058008D27D6 /* OptionsView.xib in Resources */,
			);
			runOnlyForDeploymentPostprocessing = 0;
		};
/* End PBXResourcesBuildPhase section */

/* Begin PBXSourcesBuildPhase section */
		F15231E01DB3042400D62399 /* Sources */ = {
			isa = PBXSourcesBuildPhase;
			buildActionMask = 2147483647;
			files = (
				F151775A1DB44EFC008D27D6 /* UIView.swift in Sources */,
				F15231EA1DB3042400D62399 /* GameController.swift in Sources */,
				F15231E81DB3042400D62399 /* AppDelegate.swift in Sources */,
				F15177641DB46F96008D27D6 /* ActionView.swift in Sources */,
				F15231FB1DB3065600D62399 /* GridView.swift in Sources */,
				F14FEF141DBD7DFA0044A218 /* Ship.swift in Sources */,
				F14FEF121DBD7C2C0044A218 /* Color.swift in Sources */,
				F14FEF161DBD7E070044A218 /* Hole.swift in Sources */,
				F14FEF181DBD7E5C0044A218 /* Batlleships.swift in Sources */,
				F15177511DB4306A008D27D6 /* OptionsView.swift in Sources */,
				F151775E1DB4624E008D27D6 /* PulseAnimation.swift in Sources */,
				F15177551DB44DEC008D27D6 /* ShipLayer.swift in Sources */,
				F15177621DB46C6E008D27D6 /* SetupView.swift in Sources */,
				F14FEF1C1DBD861A0044A218 /* Position.swift in Sources */,
				F151775C1DB44F22008D27D6 /* Metrics.swift in Sources */,
			);
			runOnlyForDeploymentPostprocessing = 0;
		};
/* End PBXSourcesBuildPhase section */

/* Begin PBXVariantGroup section */
		F15231EB1DB3042400D62399 /* Main.storyboard */ = {
			isa = PBXVariantGroup;
			children = (
				F15231EC1DB3042400D62399 /* Base */,
			);
			name = Main.storyboard;
			sourceTree = "<group>";
		};
		F15231F01DB3042400D62399 /* LaunchScreen.storyboard */ = {
			isa = PBXVariantGroup;
			children = (
				F15231F11DB3042400D62399 /* Base */,
			);
			name = LaunchScreen.storyboard;
			sourceTree = "<group>";
		};
/* End PBXVariantGroup section */

/* Begin XCBuildConfiguration section */
		F15231F41DB3042400D62399 /* Debug */ = {
			isa = XCBuildConfiguration;
			buildSettings = {
				ALWAYS_SEARCH_USER_PATHS = NO;
				CLANG_ANALYZER_NONNULL = YES;
				CLANG_CXX_LANGUAGE_STANDARD = "gnu++0x";
				CLANG_CXX_LIBRARY = "libc++";
				CLANG_ENABLE_MODULES = YES;
				CLANG_ENABLE_OBJC_ARC = YES;
				CLANG_WARN_BOOL_CONVERSION = YES;
				CLANG_WARN_CONSTANT_CONVERSION = YES;
				CLANG_WARN_DIRECT_OBJC_ISA_USAGE = YES_ERROR;
				CLANG_WARN_DOCUMENTATION_COMMENTS = YES;
				CLANG_WARN_EMPTY_BODY = YES;
				CLANG_WARN_ENUM_CONVERSION = YES;
				CLANG_WARN_INFINITE_RECURSION = YES;
				CLANG_WARN_INT_CONVERSION = YES;
				CLANG_WARN_OBJC_ROOT_CLASS = YES_ERROR;
				CLANG_WARN_SUSPICIOUS_MOVES = YES;
				CLANG_WARN_UNREACHABLE_CODE = YES;
				CLANG_WARN__DUPLICATE_METHOD_MATCH = YES;
				"CODE_SIGN_IDENTITY[sdk=iphoneos*]" = "iPhone Developer";
				COPY_PHASE_STRIP = NO;
				DEBUG_INFORMATION_FORMAT = dwarf;
				ENABLE_STRICT_OBJC_MSGSEND = YES;
				ENABLE_TESTABILITY = YES;
				GCC_C_LANGUAGE_STANDARD = gnu99;
				GCC_DYNAMIC_NO_PIC = NO;
				GCC_NO_COMMON_BLOCKS = YES;
				GCC_OPTIMIZATION_LEVEL = 0;
				GCC_PREPROCESSOR_DEFINITIONS = (
					"DEBUG=1",
					"$(inherited)",
				);
				GCC_WARN_64_TO_32_BIT_CONVERSION = YES;
				GCC_WARN_ABOUT_RETURN_TYPE = YES_ERROR;
				GCC_WARN_UNDECLARED_SELECTOR = YES;
				GCC_WARN_UNINITIALIZED_AUTOS = YES_AGGRESSIVE;
				GCC_WARN_UNUSED_FUNCTION = YES;
				GCC_WARN_UNUSED_VARIABLE = YES;
				IPHONEOS_DEPLOYMENT_TARGET = 10.0;
				MTL_ENABLE_DEBUG_INFO = YES;
				ONLY_ACTIVE_ARCH = YES;
				SDKROOT = iphoneos;
				SWIFT_ACTIVE_COMPILATION_CONDITIONS = DEBUG;
				SWIFT_OPTIMIZATION_LEVEL = "-Onone";
			};
			name = Debug;
		};
		F15231F51DB3042400D62399 /* Release */ = {
			isa = XCBuildConfiguration;
			buildSettings = {
				ALWAYS_SEARCH_USER_PATHS = NO;
				CLANG_ANALYZER_NONNULL = YES;
				CLANG_CXX_LANGUAGE_STANDARD = "gnu++0x";
				CLANG_CXX_LIBRARY = "libc++";
				CLANG_ENABLE_MODULES = YES;
				CLANG_ENABLE_OBJC_ARC = YES;
				CLANG_WARN_BOOL_CONVERSION = YES;
				CLANG_WARN_CONSTANT_CONVERSION = YES;
				CLANG_WARN_DIRECT_OBJC_ISA_USAGE = YES_ERROR;
				CLANG_WARN_DOCUMENTATION_COMMENTS = YES;
				CLANG_WARN_EMPTY_BODY = YES;
				CLANG_WARN_ENUM_CONVERSION = YES;
				CLANG_WARN_INFINITE_RECURSION = YES;
				CLANG_WARN_INT_CONVERSION = YES;
				CLANG_WARN_OBJC_ROOT_CLASS = YES_ERROR;
				CLANG_WARN_SUSPICIOUS_MOVES = YES;
				CLANG_WARN_UNREACHABLE_CODE = YES;
				CLANG_WARN__DUPLICATE_METHOD_MATCH = YES;
				"CODE_SIGN_IDENTITY[sdk=iphoneos*]" = "iPhone Developer";
				COPY_PHASE_STRIP = NO;
				DEBUG_INFORMATION_FORMAT = "dwarf-with-dsym";
				ENABLE_NS_ASSERTIONS = NO;
				ENABLE_STRICT_OBJC_MSGSEND = YES;
				GCC_C_LANGUAGE_STANDARD = gnu99;
				GCC_NO_COMMON_BLOCKS = YES;
				GCC_WARN_64_TO_32_BIT_CONVERSION = YES;
				GCC_WARN_ABOUT_RETURN_TYPE = YES_ERROR;
				GCC_WARN_UNDECLARED_SELECTOR = YES;
				GCC_WARN_UNINITIALIZED_AUTOS = YES_AGGRESSIVE;
				GCC_WARN_UNUSED_FUNCTION = YES;
				GCC_WARN_UNUSED_VARIABLE = YES;
				IPHONEOS_DEPLOYMENT_TARGET = 10.0;
				MTL_ENABLE_DEBUG_INFO = NO;
				SDKROOT = iphoneos;
				SWIFT_OPTIMIZATION_LEVEL = "-Owholemodule";
				VALIDATE_PRODUCT = YES;
			};
			name = Release;
		};
		F15231F71DB3042400D62399 /* Debug */ = {
			isa = XCBuildConfiguration;
			buildSettings = {
				ASSETCATALOG_COMPILER_APPICON_NAME = AppIcon;
				DEVELOPMENT_TEAM = QGWAHBQ3X3;
				FRAMEWORK_SEARCH_PATHS = (
					"$(inherited)",
					"$(PROJECT_DIR)/Battleship/Carthage/Build/iOS",
				);
				INFOPLIST_FILE = Battleship/Info.plist;
				LD_RUNPATH_SEARCH_PATHS = "$(inherited) @executable_path/Frameworks";
				PRODUCT_BUNDLE_IDENTIFIER = com.karimkawambwa.Battleship;
				PRODUCT_NAME = "$(TARGET_NAME)";
				SWIFT_VERSION = 3.0;
			};
			name = Debug;
		};
		F15231F81DB3042400D62399 /* Release */ = {
			isa = XCBuildConfiguration;
			buildSettings = {
				ASSETCATALOG_COMPILER_APPICON_NAME = AppIcon;
				DEVELOPMENT_TEAM = QGWAHBQ3X3;
				FRAMEWORK_SEARCH_PATHS = (
					"$(inherited)",
					"$(PROJECT_DIR)/Battleship/Carthage/Build/iOS",
				);
				INFOPLIST_FILE = Battleship/Info.plist;
				LD_RUNPATH_SEARCH_PATHS = "$(inherited) @executable_path/Frameworks";
				PRODUCT_BUNDLE_IDENTIFIER = com.karimkawambwa.Battleship;
				PRODUCT_NAME = "$(TARGET_NAME)";
				SWIFT_VERSION = 3.0;
			};
			name = Release;
		};
/* End XCBuildConfiguration section */

/* Begin XCConfigurationList section */
		F15231DF1DB3042400D62399 /* Build configuration list for PBXProject "Battleship" */ = {
			isa = XCConfigurationList;
			buildConfigurations = (
				F15231F41DB3042400D62399 /* Debug */,
				F15231F51DB3042400D62399 /* Release */,
			);
			defaultConfigurationIsVisible = 0;
			defaultConfigurationName = Release;
		};
		F15231F61DB3042400D62399 /* Build configuration list for PBXNativeTarget "Battleship" */ = {
			isa = XCConfigurationList;
			buildConfigurations = (
				F15231F71DB3042400D62399 /* Debug */,
				F15231F81DB3042400D62399 /* Release */,
			);
			defaultConfigurationIsVisible = 0;
			defaultConfigurationName = Release;
		};
/* End XCConfigurationList section */
	};
	rootObject = F15231DC1DB3042400D62399 /* Project object */;
}
