// !$*UTF8*$!
{
	archiveVersion = 1;
	classes = {
	};
	objectVersion = 46;
	objects = {

/* Begin PBXBuildFile section */
		4B3633DA1A067B8B00FE4884 /* ArenaView.m in Sources */ = {isa = PBXBuildFile; fileRef = 4B3633D91A067B8B00FE4884 /* ArenaView.m */; };
		4B5BD18A1A042045001E544B /* main.m in Sources */ = {isa = PBXBuildFile; fileRef = 4B5BD1891A042045001E544B /* main.m */; };
		4B5BD18D1A042045001E544B /* AppDelegate.m in Sources */ = {isa = PBXBuildFile; fileRef = 4B5BD18C1A042045001E544B /* AppDelegate.m */; };
		4B5BD1981A042045001E544B /* Main.storyboard in Resources */ = {isa = PBXBuildFile; fileRef = 4B5BD1961A042045001E544B /* Main.storyboard */; };
		4B5BD19A1A042045001E544B /* Images.xcassets in Resources */ = {isa = PBXBuildFile; fileRef = 4B5BD1991A042045001E544B /* Images.xcassets */; };
		4B5BD19D1A042045001E544B /* LaunchScreen.xib in Resources */ = {isa = PBXBuildFile; fileRef = 4B5BD19B1A042045001E544B /* LaunchScreen.xib */; };
		4B5BD1A91A042045001E544B /* BattleshipTests.m in Sources */ = {isa = PBXBuildFile; fileRef = 4B5BD1A81A042045001E544B /* BattleshipTests.m */; };
		4B5BD1B51A0591BD001E544B /* FieldView.m in Sources */ = {isa = PBXBuildFile; fileRef = 4B5BD1B41A0591BD001E544B /* FieldView.m */; };
		4B5BD1B81A0591D2001E544B /* UnitView.m in Sources */ = {isa = PBXBuildFile; fileRef = 4B5BD1B71A0591D2001E544B /* UnitView.m */; };
		4B5BD1BF1A0592F7001E544B /* Player.m in Sources */ = {isa = PBXBuildFile; fileRef = 4B5BD1BE1A0592F7001E544B /* Player.m */; };
		4B5BD1C31A0594A9001E544B /* GameViewController.m in Sources */ = {isa = PBXBuildFile; fileRef = 4B5BD1C21A0594A9001E544B /* GameViewController.m */; };
		A9FC4D5B2E61951A8A9E4255 /* libPods-Battleship.a in Frameworks */ = {isa = PBXBuildFile; fileRef = 0171BE4797DA0477124653D6 /* libPods-Battleship.a */; };
/* End PBXBuildFile section */

/* Begin PBXContainerItemProxy section */
		4B5BD1A31A042045001E544B /* PBXContainerItemProxy */ = {
			isa = PBXContainerItemProxy;
			containerPortal = 4B5BD17C1A042045001E544B /* Project object */;
			proxyType = 1;
			remoteGlobalIDString = 4B5BD1831A042045001E544B;
			remoteInfo = Battleship;
		};
/* End PBXContainerItemProxy section */

/* Begin PBXFileReference section */
		0171BE4797DA0477124653D6 /* libPods-Battleship.a */ = {isa = PBXFileReference; explicitFileType = archive.ar; includeInIndex = 0; path = "libPods-Battleship.a"; sourceTree = BUILT_PRODUCTS_DIR; };
		21F1D607D7BC5B84D1924025 /* Pods-Battleship.release.xcconfig */ = {isa = PBXFileReference; includeInIndex = 1; lastKnownFileType = text.xcconfig; name = "Pods-Battleship.release.xcconfig"; path = "Pods/Target Support Files/Pods-Battleship/Pods-Battleship.release.xcconfig"; sourceTree = "<group>"; };
		4B3633D81A067B8B00FE4884 /* ArenaView.h */ = {isa = PBXFileReference; fileEncoding = 4; lastKnownFileType = sourcecode.c.h; path = ArenaView.h; sourceTree = "<group>"; };
		4B3633D91A067B8B00FE4884 /* ArenaView.m */ = {isa = PBXFileReference; fileEncoding = 4; lastKnownFileType = sourcecode.c.objc; path = ArenaView.m; sourceTree = "<group>"; };
		4B5BD1841A042045001E544B /* Battleship.app */ = {isa = PBXFileReference; explicitFileType = wrapper.application; includeInIndex = 0; path = Battleship.app; sourceTree = BUILT_PRODUCTS_DIR; };
		4B5BD1881A042045001E544B /* Info.plist */ = {isa = PBXFileReference; lastKnownFileType = text.plist.xml; path = Info.plist; sourceTree = "<group>"; };
		4B5BD1891A042045001E544B /* main.m */ = {isa = PBXFileReference; lastKnownFileType = sourcecode.c.objc; path = main.m; sourceTree = "<group>"; };
		4B5BD18B1A042045001E544B /* AppDelegate.h */ = {isa = PBXFileReference; lastKnownFileType = sourcecode.c.h; path = AppDelegate.h; sourceTree = "<group>"; };
		4B5BD18C1A042045001E544B /* AppDelegate.m */ = {isa = PBXFileReference; lastKnownFileType = sourcecode.c.objc; path = AppDelegate.m; sourceTree = "<group>"; };
		4B5BD1971A042045001E544B /* Base */ = {isa = PBXFileReference; lastKnownFileType = file.storyboard; name = Base; path = Base.lproj/Main.storyboard; sourceTree = "<group>"; };
		4B5BD1991A042045001E544B /* Images.xcassets */ = {isa = PBXFileReference; lastKnownFileType = folder.assetcatalog; path = Images.xcassets; sourceTree = "<group>"; };
		4B5BD19C1A042045001E544B /* Base */ = {isa = PBXFileReference; lastKnownFileType = file.xib; name = Base; path = Base.lproj/LaunchScreen.xib; sourceTree = "<group>"; };
		4B5BD1A21A042045001E544B /* BattleshipTests.xctest */ = {isa = PBXFileReference; explicitFileType = wrapper.cfbundle; includeInIndex = 0; path = BattleshipTests.xctest; sourceTree = BUILT_PRODUCTS_DIR; };
		4B5BD1A71A042045001E544B /* Info.plist */ = {isa = PBXFileReference; lastKnownFileType = text.plist.xml; path = Info.plist; sourceTree = "<group>"; };
		4B5BD1A81A042045001E544B /* BattleshipTests.m */ = {isa = PBXFileReference; lastKnownFileType = sourcecode.c.objc; path = BattleshipTests.m; sourceTree = "<group>"; };
		4B5BD1B31A0591BD001E544B /* FieldView.h */ = {isa = PBXFileReference; fileEncoding = 4; lastKnownFileType = sourcecode.c.h; path = FieldView.h; sourceTree = "<group>"; };
		4B5BD1B41A0591BD001E544B /* FieldView.m */ = {isa = PBXFileReference; fileEncoding = 4; lastKnownFileType = sourcecode.c.objc; path = FieldView.m; sourceTree = "<group>"; };
		4B5BD1B61A0591D2001E544B /* UnitView.h */ = {isa = PBXFileReference; fileEncoding = 4; lastKnownFileType = sourcecode.c.h; path = UnitView.h; sourceTree = "<group>"; };
		4B5BD1B71A0591D2001E544B /* UnitView.m */ = {isa = PBXFileReference; fileEncoding = 4; lastKnownFileType = sourcecode.c.objc; path = UnitView.m; sourceTree = "<group>"; };
		4B5BD1BD1A0592F7001E544B /* Player.h */ = {isa = PBXFileReference; fileEncoding = 4; lastKnownFileType = sourcecode.c.h; path = Player.h; sourceTree = "<group>"; };
		4B5BD1BE1A0592F7001E544B /* Player.m */ = {isa = PBXFileReference; fileEncoding = 4; lastKnownFileType = sourcecode.c.objc; path = Player.m; sourceTree = "<group>"; };
		4B5BD1C11A0594A9001E544B /* GameViewController.h */ = {isa = PBXFileReference; fileEncoding = 4; lastKnownFileType = sourcecode.c.h; path = GameViewController.h; sourceTree = "<group>"; };
		4B5BD1C21A0594A9001E544B /* GameViewController.m */ = {isa = PBXFileReference; fileEncoding = 4; lastKnownFileType = sourcecode.c.objc; path = GameViewController.m; sourceTree = "<group>"; };
		70178095F2DF391EE04C2E0C /* Pods-Battleship.debug.xcconfig */ = {isa = PBXFileReference; includeInIndex = 1; lastKnownFileType = text.xcconfig; name = "Pods-Battleship.debug.xcconfig"; path = "Pods/Target Support Files/Pods-Battleship/Pods-Battleship.debug.xcconfig"; sourceTree = "<group>"; };
/* End PBXFileReference section */

/* Begin PBXFrameworksBuildPhase section */
		4B5BD1811A042045001E544B /* Frameworks */ = {
			isa = PBXFrameworksBuildPhase;
			buildActionMask = 2147483647;
			files = (
				A9FC4D5B2E61951A8A9E4255 /* libPods-Battleship.a in Frameworks */,
			);
			runOnlyForDeploymentPostprocessing = 0;
		};
		4B5BD19F1A042045001E544B /* Frameworks */ = {
			isa = PBXFrameworksBuildPhase;
			buildActionMask = 2147483647;
			files = (
			);
			runOnlyForDeploymentPostprocessing = 0;
		};
/* End PBXFrameworksBuildPhase section */

/* Begin PBXGroup section */
		4B5BD17B1A042045001E544B = {
			isa = PBXGroup;
			children = (
				4B5BD1861A042045001E544B /* Battleship */,
				4B5BD1A51A042045001E544B /* BattleshipTests */,
				4B5BD1851A042045001E544B /* Products */,
				BCD8B45ED98B8BAAE3A28EFA /* Pods */,
				EA3525BD0E0B41FBAD2A1FD5 /* Frameworks */,
			);
			sourceTree = "<group>";
		};
		4B5BD1851A042045001E544B /* Products */ = {
			isa = PBXGroup;
			children = (
				4B5BD1841A042045001E544B /* Battleship.app */,
				4B5BD1A21A042045001E544B /* BattleshipTests.xctest */,
			);
			name = Products;
			sourceTree = "<group>";
		};
		4B5BD1861A042045001E544B /* Battleship */ = {
			isa = PBXGroup;
			children = (
				4B5BD1C01A059483001E544B /* Controllers */,
				4B5BD1BC1A0592BA001E544B /* Models */,
				4B5BD1B21A059193001E544B /* Views */,
				4B5BD18B1A042045001E544B /* AppDelegate.h */,
				4B5BD18C1A042045001E544B /* AppDelegate.m */,
				4B5BD1961A042045001E544B /* Main.storyboard */,
				4B5BD1991A042045001E544B /* Images.xcassets */,
				4B5BD19B1A042045001E544B /* LaunchScreen.xib */,
				4B5BD1871A042045001E544B /* Supporting Files */,
			);
			path = Battleship;
			sourceTree = "<group>";
		};
		4B5BD1871A042045001E544B /* Supporting Files */ = {
			isa = PBXGroup;
			children = (
				4B5BD1881A042045001E544B /* Info.plist */,
				4B5BD1891A042045001E544B /* main.m */,
			);
			name = "Supporting Files";
			sourceTree = "<group>";
		};
		4B5BD1A51A042045001E544B /* BattleshipTests */ = {
			isa = PBXGroup;
			children = (
				4B5BD1A81A042045001E544B /* BattleshipTests.m */,
				4B5BD1A61A042045001E544B /* Supporting Files */,
			);
			path = BattleshipTests;
			sourceTree = "<group>";
		};
		4B5BD1A61A042045001E544B /* Supporting Files */ = {
			isa = PBXGroup;
			children = (
				4B5BD1A71A042045001E544B /* Info.plist */,
			);
			name = "Supporting Files";
			sourceTree = "<group>";
		};
		4B5BD1B21A059193001E544B /* Views */ = {
			isa = PBXGroup;
			children = (
				4B5BD1B31A0591BD001E544B /* FieldView.h */,
				4B5BD1B41A0591BD001E544B /* FieldView.m */,
				4B5BD1B61A0591D2001E544B /* UnitView.h */,
				4B5BD1B71A0591D2001E544B /* UnitView.m */,
				4B3633D81A067B8B00FE4884 /* ArenaView.h */,
				4B3633D91A067B8B00FE4884 /* ArenaView.m */,
			);
			path = Views;
			sourceTree = "<group>";
		};
		4B5BD1BC1A0592BA001E544B /* Models */ = {
			isa = PBXGroup;
			children = (
				4B5BD1BD1A0592F7001E544B /* Player.h */,
				4B5BD1BE1A0592F7001E544B /* Player.m */,
			);
			path = Models;
			sourceTree = "<group>";
		};
		4B5BD1C01A059483001E544B /* Controllers */ = {
			isa = PBXGroup;
			children = (
				4B5BD1C11A0594A9001E544B /* GameViewController.h */,
				4B5BD1C21A0594A9001E544B /* GameViewController.m */,
			);
			path = Controllers;
			sourceTree = "<group>";
		};
		BCD8B45ED98B8BAAE3A28EFA /* Pods */ = {
			isa = PBXGroup;
			children = (
				70178095F2DF391EE04C2E0C /* Pods-Battleship.debug.xcconfig */,
				21F1D607D7BC5B84D1924025 /* Pods-Battleship.release.xcconfig */,
			);
			name = Pods;
			sourceTree = "<group>";
		};
		EA3525BD0E0B41FBAD2A1FD5 /* Frameworks */ = {
			isa = PBXGroup;
			children = (
				0171BE4797DA0477124653D6 /* libPods-Battleship.a */,
			);
			name = Frameworks;
			sourceTree = "<group>";
		};
/* End PBXGroup section */

/* Begin PBXNativeTarget section */
		4B5BD1831A042045001E544B /* Battleship */ = {
			isa = PBXNativeTarget;
			buildConfigurationList = 4B5BD1AC1A042045001E544B /* Build configuration list for PBXNativeTarget "Battleship" */;
			buildPhases = (
				E63B09F5267B01A56A97E515 /* Check Pods Manifest.lock */,
				4B5BD1801A042045001E544B /* Sources */,
				4B5BD1811A042045001E544B /* Frameworks */,
				4B5BD1821A042045001E544B /* Resources */,
				9D7E8550289633FEF33FECAD /* Copy Pods Resources */,
			);
			buildRules = (
			);
			dependencies = (
			);
			name = Battleship;
			productName = Battleship;
			productReference = 4B5BD1841A042045001E544B /* Battleship.app */;
			productType = "com.apple.product-type.application";
		};
		4B5BD1A11A042045001E544B /* BattleshipTests */ = {
			isa = PBXNativeTarget;
			buildConfigurationList = 4B5BD1AF1A042045001E544B /* Build configuration list for PBXNativeTarget "BattleshipTests" */;
			buildPhases = (
				4B5BD19E1A042045001E544B /* Sources */,
				4B5BD19F1A042045001E544B /* Frameworks */,
				4B5BD1A01A042045001E544B /* Resources */,
			);
			buildRules = (
			);
			dependencies = (
				4B5BD1A41A042045001E544B /* PBXTargetDependency */,
			);
			name = BattleshipTests;
			productName = BattleshipTests;
			productReference = 4B5BD1A21A042045001E544B /* BattleshipTests.xctest */;
			productType = "com.apple.product-type.bundle.unit-test";
		};
/* End PBXNativeTarget section */

/* Begin PBXProject section */
		4B5BD17C1A042045001E544B /* Project object */ = {
			isa = PBXProject;
			attributes = {
				LastUpgradeCheck = 0610;
				ORGANIZATIONNAME = Martijn;
				TargetAttributes = {
					4B5BD1831A042045001E544B = {
						CreatedOnToolsVersion = 6.1;
					};
					4B5BD1A11A042045001E544B = {
						CreatedOnToolsVersion = 6.1;
						TestTargetID = 4B5BD1831A042045001E544B;
					};
				};
			};
			buildConfigurationList = 4B5BD17F1A042045001E544B /* Build configuration list for PBXProject "Battleship" */;
			compatibilityVersion = "Xcode 3.2";
			developmentRegion = English;
			hasScannedForEncodings = 0;
			knownRegions = (
				en,
				Base,
			);
			mainGroup = 4B5BD17B1A042045001E544B;
			productRefGroup = 4B5BD1851A042045001E544B /* Products */;
			projectDirPath = "";
			projectRoot = "";
			targets = (
				4B5BD1831A042045001E544B /* Battleship */,
				4B5BD1A11A042045001E544B /* BattleshipTests */,
			);
		};
/* End PBXProject section */

/* Begin PBXResourcesBuildPhase section */
		4B5BD1821A042045001E544B /* Resources */ = {
			isa = PBXResourcesBuildPhase;
			buildActionMask = 2147483647;
			files = (
				4B5BD19D1A042045001E544B /* LaunchScreen.xib in Resources */,
				4B5BD19A1A042045001E544B /* Images.xcassets in Resources */,
				4B5BD1981A042045001E544B /* Main.storyboard in Resources */,
			);
			runOnlyForDeploymentPostprocessing = 0;
		};
		4B5BD1A01A042045001E544B /* Resources */ = {
			isa = PBXResourcesBuildPhase;
			buildActionMask = 2147483647;
			files = (
			);
			runOnlyForDeploymentPostprocessing = 0;
		};
/* End PBXResourcesBuildPhase section */

/* Begin PBXShellScriptBuildPhase section */
		9D7E8550289633FEF33FECAD /* Copy Pods Resources */ = {
			isa = PBXShellScriptBuildPhase;
			buildActionMask = 2147483647;
			files = (
			);
			inputPaths = (
			);
			name = "Copy Pods Resources";
			outputPaths = (
			);
			runOnlyForDeploymentPostprocessing = 0;
			shellPath = /bin/sh;
			shellScript = "\"${SRCROOT}/Pods/Target Support Files/Pods-Battleship/Pods-Battleship-resources.sh\"\n";
			showEnvVarsInLog = 0;
		};
		E63B09F5267B01A56A97E515 /* Check Pods Manifest.lock */ = {
			isa = PBXShellScriptBuildPhase;
			buildActionMask = 2147483647;
			files = (
			);
			inputPaths = (
			);
			name = "Check Pods Manifest.lock";
			outputPaths = (
			);
			runOnlyForDeploymentPostprocessing = 0;
			shellPath = /bin/sh;
			shellScript = "diff \"${PODS_ROOT}/../Podfile.lock\" \"${PODS_ROOT}/Manifest.lock\" > /dev/null\nif [[ $? != 0 ]] ; then\n    cat << EOM\nerror: The sandbox is not in sync with the Podfile.lock. Run 'pod install' or update your CocoaPods installation.\nEOM\n    exit 1\nfi\n";
			showEnvVarsInLog = 0;
		};
/* End PBXShellScriptBuildPhase section */

/* Begin PBXSourcesBuildPhase section */
		4B5BD1801A042045001E544B /* Sources */ = {
			isa = PBXSourcesBuildPhase;
			buildActionMask = 2147483647;
			files = (
				4B5BD1B81A0591D2001E544B /* UnitView.m in Sources */,
				4B5BD1C31A0594A9001E544B /* GameViewController.m in Sources */,
				4B5BD18D1A042045001E544B /* AppDelegate.m in Sources */,
				4B5BD18A1A042045001E544B /* main.m in Sources */,
				4B3633DA1A067B8B00FE4884 /* ArenaView.m in Sources */,
				4B5BD1BF1A0592F7001E544B /* Player.m in Sources */,
				4B5BD1B51A0591BD001E544B /* FieldView.m in Sources */,
			);
			runOnlyForDeploymentPostprocessing = 0;
		};
		4B5BD19E1A042045001E544B /* Sources */ = {
			isa = PBXSourcesBuildPhase;
			buildActionMask = 2147483647;
			files = (
				4B5BD1A91A042045001E544B /* BattleshipTests.m in Sources */,
			);
			runOnlyForDeploymentPostprocessing = 0;
		};
/* End PBXSourcesBuildPhase section */

/* Begin PBXTargetDependency section */
		4B5BD1A41A042045001E544B /* PBXTargetDependency */ = {
			isa = PBXTargetDependency;
			target = 4B5BD1831A042045001E544B /* Battleship */;
			targetProxy = 4B5BD1A31A042045001E544B /* PBXContainerItemProxy */;
		};
/* End PBXTargetDependency section */

/* Begin PBXVariantGroup section */
		4B5BD1961A042045001E544B /* Main.storyboard */ = {
			isa = PBXVariantGroup;
			children = (
				4B5BD1971A042045001E544B /* Base */,
			);
			name = Main.storyboard;
			sourceTree = "<group>";
		};
		4B5BD19B1A042045001E544B /* LaunchScreen.xib */ = {
			isa = PBXVariantGroup;
			children = (
				4B5BD19C1A042045001E544B /* Base */,
			);
			name = LaunchScreen.xib;
			sourceTree = "<group>";
		};
/* End PBXVariantGroup section */

/* Begin XCBuildConfiguration section */
		4B5BD1AA1A042045001E544B /* Debug */ = {
			isa = XCBuildConfiguration;
			buildSettings = {
				ALWAYS_SEARCH_USER_PATHS = NO;
				CLANG_CXX_LANGUAGE_STANDARD = "gnu++0x";
				CLANG_CXX_LIBRARY = "libc++";
				CLANG_ENABLE_MODULES = YES;
				CLANG_ENABLE_OBJC_ARC = YES;
				CLANG_WARN_BOOL_CONVERSION = YES;
				CLANG_WARN_CONSTANT_CONVERSION = YES;
				CLANG_WARN_DIRECT_OBJC_ISA_USAGE = YES_ERROR;
				CLANG_WARN_EMPTY_BODY = YES;
				CLANG_WARN_ENUM_CONVERSION = YES;
				CLANG_WARN_INT_CONVERSION = YES;
				CLANG_WARN_OBJC_ROOT_CLASS = YES_ERROR;
				CLANG_WARN_UNREACHABLE_CODE = YES;
				CLANG_WARN__DUPLICATE_METHOD_MATCH = YES;
				"CODE_SIGN_IDENTITY[sdk=iphoneos*]" = "iPhone Developer";
				COPY_PHASE_STRIP = NO;
				ENABLE_STRICT_OBJC_MSGSEND = YES;
				GCC_C_LANGUAGE_STANDARD = gnu99;
				GCC_DYNAMIC_NO_PIC = NO;
				GCC_OPTIMIZATION_LEVEL = 0;
				GCC_PREPROCESSOR_DEFINITIONS = (
					"DEBUG=1",
					"$(inherited)",
				);
				GCC_SYMBOLS_PRIVATE_EXTERN = NO;
				GCC_WARN_64_TO_32_BIT_CONVERSION = YES;
				GCC_WARN_ABOUT_RETURN_TYPE = YES_ERROR;
				GCC_WARN_UNDECLARED_SELECTOR = YES;
				GCC_WARN_UNINITIALIZED_AUTOS = YES_AGGRESSIVE;
				GCC_WARN_UNUSED_FUNCTION = YES;
				GCC_WARN_UNUSED_VARIABLE = YES;
				IPHONEOS_DEPLOYMENT_TARGET = 8.1;
				MTL_ENABLE_DEBUG_INFO = YES;
				ONLY_ACTIVE_ARCH = YES;
				SDKROOT = iphoneos;
				TARGETED_DEVICE_FAMILY = "1,2";
			};
			name = Debug;
		};
		4B5BD1AB1A042045001E544B /* Release */ = {
			isa = XCBuildConfiguration;
			buildSettings = {
				ALWAYS_SEARCH_USER_PATHS = NO;
				CLANG_CXX_LANGUAGE_STANDARD = "gnu++0x";
				CLANG_CXX_LIBRARY = "libc++";
				CLANG_ENABLE_MODULES = YES;
				CLANG_ENABLE_OBJC_ARC = YES;
				CLANG_WARN_BOOL_CONVERSION = YES;
				CLANG_WARN_CONSTANT_CONVERSION = YES;
				CLANG_WARN_DIRECT_OBJC_ISA_USAGE = YES_ERROR;
				CLANG_WARN_EMPTY_BODY = YES;
				CLANG_WARN_ENUM_CONVERSION = YES;
				CLANG_WARN_INT_CONVERSION = YES;
				CLANG_WARN_OBJC_ROOT_CLASS = YES_ERROR;
				CLANG_WARN_UNREACHABLE_CODE = YES;
				CLANG_WARN__DUPLICATE_METHOD_MATCH = YES;
				"CODE_SIGN_IDENTITY[sdk=iphoneos*]" = "iPhone Developer";
				COPY_PHASE_STRIP = YES;
				ENABLE_NS_ASSERTIONS = NO;
				ENABLE_STRICT_OBJC_MSGSEND = YES;
				GCC_C_LANGUAGE_STANDARD = gnu99;
				GCC_WARN_64_TO_32_BIT_CONVERSION = YES;
				GCC_WARN_ABOUT_RETURN_TYPE = YES_ERROR;
				GCC_WARN_UNDECLARED_SELECTOR = YES;
				GCC_WARN_UNINITIALIZED_AUTOS = YES_AGGRESSIVE;
				GCC_WARN_UNUSED_FUNCTION = YES;
				GCC_WARN_UNUSED_VARIABLE = YES;
				IPHONEOS_DEPLOYMENT_TARGET = 8.1;
				MTL_ENABLE_DEBUG_INFO = NO;
				SDKROOT = iphoneos;
				TARGETED_DEVICE_FAMILY = "1,2";
				VALIDATE_PRODUCT = YES;
			};
			name = Release;
		};
		4B5BD1AD1A042045001E544B /* Debug */ = {
			isa = XCBuildConfiguration;
			baseConfigurationReference = 70178095F2DF391EE04C2E0C /* Pods-Battleship.debug.xcconfig */;
			buildSettings = {
				ASSETCATALOG_COMPILER_APPICON_NAME = AppIcon;
				INFOPLIST_FILE = Battleship/Info.plist;
				LD_RUNPATH_SEARCH_PATHS = "$(inherited) @executable_path/Frameworks";
				PRODUCT_NAME = "$(TARGET_NAME)";
			};
			name = Debug;
		};
		4B5BD1AE1A042045001E544B /* Release */ = {
			isa = XCBuildConfiguration;
			baseConfigurationReference = 21F1D607D7BC5B84D1924025 /* Pods-Battleship.release.xcconfig */;
			buildSettings = {
				ASSETCATALOG_COMPILER_APPICON_NAME = AppIcon;
				INFOPLIST_FILE = Battleship/Info.plist;
				LD_RUNPATH_SEARCH_PATHS = "$(inherited) @executable_path/Frameworks";
				PRODUCT_NAME = "$(TARGET_NAME)";
			};
			name = Release;
		};
		4B5BD1B01A042045001E544B /* Debug */ = {
			isa = XCBuildConfiguration;
			buildSettings = {
				BUNDLE_LOADER = "$(TEST_HOST)";
				FRAMEWORK_SEARCH_PATHS = (
					"$(SDKROOT)/Developer/Library/Frameworks",
					"$(inherited)",
				);
				GCC_PREPROCESSOR_DEFINITIONS = (
					"DEBUG=1",
					"$(inherited)",
				);
				INFOPLIST_FILE = BattleshipTests/Info.plist;
				LD_RUNPATH_SEARCH_PATHS = "$(inherited) @executable_path/Frameworks @loader_path/Frameworks";
				PRODUCT_NAME = "$(TARGET_NAME)";
				TEST_HOST = "$(BUILT_PRODUCTS_DIR)/Battleship.app/Battleship";
			};
			name = Debug;
		};
		4B5BD1B11A042045001E544B /* Release */ = {
			isa = XCBuildConfiguration;
			buildSettings = {
				BUNDLE_LOADER = "$(TEST_HOST)";
				FRAMEWORK_SEARCH_PATHS = (
					"$(SDKROOT)/Developer/Library/Frameworks",
					"$(inherited)",
				);
				INFOPLIST_FILE = BattleshipTests/Info.plist;
				LD_RUNPATH_SEARCH_PATHS = "$(inherited) @executable_path/Frameworks @loader_path/Frameworks";
				PRODUCT_NAME = "$(TARGET_NAME)";
				TEST_HOST = "$(BUILT_PRODUCTS_DIR)/Battleship.app/Battleship";
			};
			name = Release;
		};
/* End XCBuildConfiguration section */

/* Begin XCConfigurationList section */
		4B5BD17F1A042045001E544B /* Build configuration list for PBXProject "Battleship" */ = {
			isa = XCConfigurationList;
			buildConfigurations = (
				4B5BD1AA1A042045001E544B /* Debug */,
				4B5BD1AB1A042045001E544B /* Release */,
			);
			defaultConfigurationIsVisible = 0;
			defaultConfigurationName = Release;
		};
		4B5BD1AC1A042045001E544B /* Build configuration list for PBXNativeTarget "Battleship" */ = {
			isa = XCConfigurationList;
			buildConfigurations = (
				4B5BD1AD1A042045001E544B /* Debug */,
				4B5BD1AE1A042045001E544B /* Release */,
			);
			defaultConfigurationIsVisible = 0;
			defaultConfigurationName = Release;
		};
		4B5BD1AF1A042045001E544B /* Build configuration list for PBXNativeTarget "BattleshipTests" */ = {
			isa = XCConfigurationList;
			buildConfigurations = (
				4B5BD1B01A042045001E544B /* Debug */,
				4B5BD1B11A042045001E544B /* Release */,
			);
			defaultConfigurationIsVisible = 0;
			defaultConfigurationName = Release;
		};
/* End XCConfigurationList section */
	};
	rootObject = 4B5BD17C1A042045001E544B /* Project object */;
}
